{
    "version": 3,
    "terraform_version": "0.11.8",
    "serial": 12,
    "lineage": "e247f135-9c29-fd0b-7882-692bf8c9316d",
    "modules": [
        {
            "path": [
                "root"
            ],
            "outputs": {},
            "resources": {
                "digitalocean_droplet.data": {
                    "type": "digitalocean_droplet",
                    "depends_on": [],
                    "primary": {
                        "id": "148837936",
                        "attributes": {
                            "backups": "false",
                            "disk": "25",
                            "id": "148837936",
                            "image": "ubuntu-18-04-x64",
                            "ipv4_address": "134.209.174.255",
                            "ipv4_address_private": "",
                            "ipv6": "true",
                            "ipv6_address": "2604:a880:800:c1::ca:4001",
                            "ipv6_address_private": "",
                            "locked": "false",
                            "memory": "1024",
                            "monitoring": "false",
                            "name": "data-master",
                            "price_hourly": "0.00744",
                            "price_monthly": "5",
                            "private_networking": "false",
                            "region": "nyc3",
                            "resize_disk": "true",
                            "size": "s-1vcpu-1gb",
                            "ssh_keys.#": "1",
                            "ssh_keys.3311904520": "c9:37:26:2e:b3:7c:f1:56:1f:72:f0:61:98:61:ed:65",
                            "status": "active",
                            "tags.#": "1",
                            "tags.2918445923": "data",
                            "urn": "do:droplet:148837936",
                            "vcpus": "1",
                            "volume_ids.#": "0"
                        },
                        "meta": {
                            "schema_version": "1"
                        },
                        "tainted": false
                    },
                    "deposed": [],
                    "provider": "provider.digitalocean"
                },
                "digitalocean_droplet.ny_short": {
                    "type": "digitalocean_droplet",
                    "depends_on": [],
                    "primary": {
                        "id": "148837935",
                        "attributes": {
                            "backups": "false",
                            "disk": "25",
                            "id": "148837935",
                            "image": "ubuntu-18-04-x64",
                            "ipv4_address": "167.71.160.117",
                            "ipv4_address_private": "",
                            "ipv6": "true",
                            "ipv6_address": "2604:a880:800:c1::193:a001",
                            "ipv6_address_private": "",
                            "locked": "false",
                            "memory": "1024",
                            "monitoring": "false",
                            "name": "short01",
                            "price_hourly": "0.00744",
                            "price_monthly": "5",
                            "private_networking": "false",
                            "region": "nyc3",
                            "resize_disk": "true",
                            "size": "s-1vcpu-1gb",
                            "ssh_keys.#": "1",
                            "ssh_keys.3311904520": "c9:37:26:2e:b3:7c:f1:56:1f:72:f0:61:98:61:ed:65",
                            "status": "active",
                            "tags.#": "2",
                            "tags.1835083141": "ny_short",
                            "tags.2401800354": "short",
                            "urn": "do:droplet:148837935",
                            "vcpus": "1",
                            "volume_ids.#": "0"
                        },
                        "meta": {
                            "schema_version": "1"
                        },
                        "tainted": false
                    },
                    "deposed": [],
                    "provider": "provider.digitalocean"
                },
                "digitalocean_firewall.data": {
                    "type": "digitalocean_firewall",
                    "depends_on": [
                        "digitalocean_droplet.data.*"
                    ],
                    "primary": {
                        "id": "b3cd8139-10a0-4818-9a63-f5b5af841738",
                        "attributes": {
                            "droplet_ids.#": "1",
                            "droplet_ids.3627300469": "148837936",
                            "id": "b3cd8139-10a0-4818-9a63-f5b5af841738",
                            "inbound_rule.#": "5",
                            "inbound_rule.1029929102.port_range": "80",
                            "inbound_rule.1029929102.protocol": "tcp",
                            "inbound_rule.1029929102.source_addresses.#": "2",
                            "inbound_rule.1029929102.source_addresses.217649824": "0.0.0.0/0",
                            "inbound_rule.1029929102.source_addresses.4017721845": "::/0",
                            "inbound_rule.1029929102.source_droplet_ids.#": "0",
                            "inbound_rule.1029929102.source_load_balancer_uids.#": "0",
                            "inbound_rule.1029929102.source_tags.#": "0",
                            "inbound_rule.1548039851.port_range": "",
                            "inbound_rule.1548039851.protocol": "icmp",
                            "inbound_rule.1548039851.source_addresses.#": "2",
                            "inbound_rule.1548039851.source_addresses.217649824": "0.0.0.0/0",
                            "inbound_rule.1548039851.source_addresses.4017721845": "::/0",
                            "inbound_rule.1548039851.source_droplet_ids.#": "0",
                            "inbound_rule.1548039851.source_load_balancer_uids.#": "0",
                            "inbound_rule.1548039851.source_tags.#": "0",
                            "inbound_rule.2514838219.port_range": "5432",
                            "inbound_rule.2514838219.protocol": "tcp",
                            "inbound_rule.2514838219.source_addresses.#": "0",
                            "inbound_rule.2514838219.source_droplet_ids.#": "0",
                            "inbound_rule.2514838219.source_load_balancer_uids.#": "0",
                            "inbound_rule.2514838219.source_tags.#": "1",
                            "inbound_rule.2514838219.source_tags.2401800354": "short",
                            "inbound_rule.3461600736.port_range": "22",
                            "inbound_rule.3461600736.protocol": "tcp",
                            "inbound_rule.3461600736.source_addresses.#": "2",
                            "inbound_rule.3461600736.source_addresses.217649824": "0.0.0.0/0",
                            "inbound_rule.3461600736.source_addresses.4017721845": "::/0",
                            "inbound_rule.3461600736.source_droplet_ids.#": "0",
                            "inbound_rule.3461600736.source_load_balancer_uids.#": "0",
                            "inbound_rule.3461600736.source_tags.#": "0",
                            "inbound_rule.824762578.port_range": "443",
                            "inbound_rule.824762578.protocol": "tcp",
                            "inbound_rule.824762578.source_addresses.#": "2",
                            "inbound_rule.824762578.source_addresses.217649824": "0.0.0.0/0",
                            "inbound_rule.824762578.source_addresses.4017721845": "::/0",
                            "inbound_rule.824762578.source_droplet_ids.#": "0",
                            "inbound_rule.824762578.source_load_balancer_uids.#": "0",
                            "inbound_rule.824762578.source_tags.#": "0",
                            "name": "data",
                            "outbound_rule.#": "3",
                            "outbound_rule.2174971434.destination_addresses.#": "2",
                            "outbound_rule.2174971434.destination_addresses.217649824": "0.0.0.0/0",
                            "outbound_rule.2174971434.destination_addresses.4017721845": "::/0",
                            "outbound_rule.2174971434.destination_droplet_ids.#": "0",
                            "outbound_rule.2174971434.destination_load_balancer_uids.#": "0",
                            "outbound_rule.2174971434.destination_tags.#": "0",
                            "outbound_rule.2174971434.port_range": "",
                            "outbound_rule.2174971434.protocol": "icmp",
                            "outbound_rule.250795239.destination_addresses.#": "2",
                            "outbound_rule.250795239.destination_addresses.217649824": "0.0.0.0/0",
                            "outbound_rule.250795239.destination_addresses.4017721845": "::/0",
                            "outbound_rule.250795239.destination_droplet_ids.#": "0",
                            "outbound_rule.250795239.destination_load_balancer_uids.#": "0",
                            "outbound_rule.250795239.destination_tags.#": "0",
                            "outbound_rule.250795239.port_range": "1-65535",
                            "outbound_rule.250795239.protocol": "udp",
                            "outbound_rule.3003229447.destination_addresses.#": "2",
                            "outbound_rule.3003229447.destination_addresses.217649824": "0.0.0.0/0",
                            "outbound_rule.3003229447.destination_addresses.4017721845": "::/0",
                            "outbound_rule.3003229447.destination_droplet_ids.#": "0",
                            "outbound_rule.3003229447.destination_load_balancer_uids.#": "0",
                            "outbound_rule.3003229447.destination_tags.#": "0",
                            "outbound_rule.3003229447.port_range": "1-65535",
                            "outbound_rule.3003229447.protocol": "tcp",
                            "pending_changes.#": "1",
                            "pending_changes.0.droplet_id": "148837936",
                            "pending_changes.0.removing": "false",
                            "pending_changes.0.status": "waiting",
                            "status": "waiting",
                            "tags.#": "1",
                            "tags.2918445923": "data"
                        },
                        "meta": {},
                        "tainted": false
                    },
                    "deposed": [],
                    "provider": "provider.digitalocean"
                },
                "digitalocean_firewall.short": {
                    "type": "digitalocean_firewall",
                    "depends_on": [
                        "digitalocean_droplet.ny_short.*"
                    ],
                    "primary": {
                        "id": "3671db25-342d-40bf-bcdd-296f0681734c",
                        "attributes": {
                            "droplet_ids.#": "1",
                            "droplet_ids.4078527926": "148837935",
                            "id": "3671db25-342d-40bf-bcdd-296f0681734c",
                            "inbound_rule.#": "4",
                            "inbound_rule.1029929102.port_range": "80",
                            "inbound_rule.1029929102.protocol": "tcp",
                            "inbound_rule.1029929102.source_addresses.#": "2",
                            "inbound_rule.1029929102.source_addresses.217649824": "0.0.0.0/0",
                            "inbound_rule.1029929102.source_addresses.4017721845": "::/0",
                            "inbound_rule.1029929102.source_droplet_ids.#": "0",
                            "inbound_rule.1029929102.source_load_balancer_uids.#": "0",
                            "inbound_rule.1029929102.source_tags.#": "0",
                            "inbound_rule.1548039851.port_range": "",
                            "inbound_rule.1548039851.protocol": "icmp",
                            "inbound_rule.1548039851.source_addresses.#": "2",
                            "inbound_rule.1548039851.source_addresses.217649824": "0.0.0.0/0",
                            "inbound_rule.1548039851.source_addresses.4017721845": "::/0",
                            "inbound_rule.1548039851.source_droplet_ids.#": "0",
                            "inbound_rule.1548039851.source_load_balancer_uids.#": "0",
                            "inbound_rule.1548039851.source_tags.#": "0",
                            "inbound_rule.3461600736.port_range": "22",
                            "inbound_rule.3461600736.protocol": "tcp",
                            "inbound_rule.3461600736.source_addresses.#": "2",
                            "inbound_rule.3461600736.source_addresses.217649824": "0.0.0.0/0",
                            "inbound_rule.3461600736.source_addresses.4017721845": "::/0",
                            "inbound_rule.3461600736.source_droplet_ids.#": "0",
                            "inbound_rule.3461600736.source_load_balancer_uids.#": "0",
                            "inbound_rule.3461600736.source_tags.#": "0",
                            "inbound_rule.824762578.port_range": "443",
                            "inbound_rule.824762578.protocol": "tcp",
                            "inbound_rule.824762578.source_addresses.#": "2",
                            "inbound_rule.824762578.source_addresses.217649824": "0.0.0.0/0",
                            "inbound_rule.824762578.source_addresses.4017721845": "::/0",
                            "inbound_rule.824762578.source_droplet_ids.#": "0",
                            "inbound_rule.824762578.source_load_balancer_uids.#": "0",
                            "inbound_rule.824762578.source_tags.#": "0",
                            "name": "short",
                            "outbound_rule.#": "3",
                            "outbound_rule.2174971434.destination_addresses.#": "2",
                            "outbound_rule.2174971434.destination_addresses.217649824": "0.0.0.0/0",
                            "outbound_rule.2174971434.destination_addresses.4017721845": "::/0",
                            "outbound_rule.2174971434.destination_droplet_ids.#": "0",
                            "outbound_rule.2174971434.destination_load_balancer_uids.#": "0",
                            "outbound_rule.2174971434.destination_tags.#": "0",
                            "outbound_rule.2174971434.port_range": "",
                            "outbound_rule.2174971434.protocol": "icmp",
                            "outbound_rule.250795239.destination_addresses.#": "2",
                            "outbound_rule.250795239.destination_addresses.217649824": "0.0.0.0/0",
                            "outbound_rule.250795239.destination_addresses.4017721845": "::/0",
                            "outbound_rule.250795239.destination_droplet_ids.#": "0",
                            "outbound_rule.250795239.destination_load_balancer_uids.#": "0",
                            "outbound_rule.250795239.destination_tags.#": "0",
                            "outbound_rule.250795239.port_range": "1-65535",
                            "outbound_rule.250795239.protocol": "udp",
                            "outbound_rule.3003229447.destination_addresses.#": "2",
                            "outbound_rule.3003229447.destination_addresses.217649824": "0.0.0.0/0",
                            "outbound_rule.3003229447.destination_addresses.4017721845": "::/0",
                            "outbound_rule.3003229447.destination_droplet_ids.#": "0",
                            "outbound_rule.3003229447.destination_load_balancer_uids.#": "0",
                            "outbound_rule.3003229447.destination_tags.#": "0",
                            "outbound_rule.3003229447.port_range": "1-65535",
                            "outbound_rule.3003229447.protocol": "tcp",
                            "pending_changes.#": "1",
                            "pending_changes.0.droplet_id": "148837935",
                            "pending_changes.0.removing": "false",
                            "pending_changes.0.status": "waiting",
                            "status": "waiting",
                            "tags.#": "1",
                            "tags.2401800354": "short"
                        },
                        "meta": {},
                        "tainted": false
                    },
                    "deposed": [],
                    "provider": "provider.digitalocean"
                },
                "digitalocean_floating_ip.data": {
                    "type": "digitalocean_floating_ip",
                    "depends_on": [
                        "digitalocean_droplet.data"
                    ],
                    "primary": {
                        "id": "138.197.60.106",
                        "attributes": {
                            "droplet_id": "148837936",
                            "id": "138.197.60.106",
                            "ip_address": "138.197.60.106",
                            "region": "nyc3",
                            "urn": "do:floatingip:138.197.60.106"
                        },
                        "meta": {},
                        "tainted": false
                    },
                    "deposed": [],
                    "provider": "provider.digitalocean"
                },
                "digitalocean_floating_ip.ny_short": {
                    "type": "digitalocean_floating_ip",
                    "depends_on": [
                        "digitalocean_droplet.ny_short",
                        "digitalocean_droplet.ny_short.*"
                    ],
                    "primary": {
                        "id": "138.197.60.116",
                        "attributes": {
                            "droplet_id": "148837935",
                            "id": "138.197.60.116",
                            "ip_address": "138.197.60.116",
                            "region": "nyc3",
                            "urn": "do:floatingip:138.197.60.116"
                        },
                        "meta": {},
                        "tainted": false
                    },
                    "deposed": [],
                    "provider": "provider.digitalocean"
                },
                "ns1_record.data-master": {
                    "type": "ns1_record",
                    "depends_on": [
                        "digitalocean_floating_ip.data",
                        "ns1_zone.shortcurl"
                    ],
                    "primary": {
                        "id": "5d12dedff2abd0000153b5e8",
                        "attributes": {
                            "answers.#": "1",
                            "answers.0.answer": "138.197.60.106",
                            "answers.0.meta.%": "0",
                            "answers.0.region": "",
                            "domain": "shortcurl.com",
                            "id": "5d12dedff2abd0000153b5e8",
                            "meta.%": "0",
                            "ttl": "3600",
                            "type": "A",
                            "use_client_subnet": "true",
                            "zone": "shortcurl.com"
                        },
                        "meta": {},
                        "tainted": false
                    },
                    "deposed": [],
                    "provider": "provider.ns1"
                },
                "ns1_record.data01-data-master": {
                    "type": "ns1_record",
                    "depends_on": [
                        "digitalocean_floating_ip.data",
                        "ns1_zone.shortcurl"
                    ],
                    "primary": {
                        "id": "5d12dedec94a9000019f3b88",
                        "attributes": {
                            "answers.#": "1",
                            "answers.0.answer": "138.197.60.106",
                            "answers.0.meta.%": "0",
                            "answers.0.region": "",
                            "domain": "data01.shortcurl.com",
                            "id": "5d12dedec94a9000019f3b88",
                            "meta.%": "0",
                            "ttl": "3600",
                            "type": "A",
                            "use_client_subnet": "true",
                            "zone": "shortcurl.com"
                        },
                        "meta": {},
                        "tainted": false
                    },
                    "deposed": [],
                    "provider": "provider.ns1"
                },
                "ns1_record.ny_short": {
                    "type": "ns1_record",
                    "depends_on": [
                        "digitalocean_floating_ip.ny_short",
                        "ns1_zone.brief"
                    ],
                    "primary": {
                        "id": "5d12dee1f2abd00001fa652d",
                        "attributes": {
                            "answers.#": "1",
                            "answers.0.answer": "138.197.60.116",
                            "answers.0.meta.%": "0",
                            "answers.0.region": "",
                            "domain": "brief.pw",
                            "id": "5d12dee1f2abd00001fa652d",
                            "meta.%": "0",
                            "ttl": "3600",
                            "type": "A",
                            "use_client_subnet": "true",
                            "zone": "brief.pw"
                        },
                        "meta": {},
                        "tainted": false
                    },
                    "deposed": [],
                    "provider": "provider.ns1"
                },
                "ns1_record.www-data-master": {
                    "type": "ns1_record",
                    "depends_on": [
                        "ns1_zone.shortcurl"
                    ],
                    "primary": {
                        "id": "5d12deb1c9c79d0001aca1f2",
                        "attributes": {
                            "answers.#": "1",
                            "answers.0.answer": "shortcurl.com",
                            "answers.0.meta.%": "0",
                            "answers.0.region": "",
                            "domain": "www.shortcurl.com",
                            "id": "5d12deb1c9c79d0001aca1f2",
                            "meta.%": "0",
                            "ttl": "3600",
                            "type": "CNAME",
                            "use_client_subnet": "true",
                            "zone": "shortcurl.com"
                        },
                        "meta": {},
                        "tainted": false
                    },
                    "deposed": [],
                    "provider": "provider.ns1"
                },
                "ns1_zone.brief": {
                    "type": "ns1_zone",
                    "depends_on": [],
                    "primary": {
                        "id": "5d12deaff2abd00001932df3",
                        "attributes": {
                            "dns_servers": "dns1.p02.nsone.net,dns2.p02.nsone.net,dns3.p02.nsone.net,dns4.p02.nsone.net",
                            "expiry": "1209600",
                            "hostmaster": "hostmaster@nsone.net",
                            "id": "5d12deaff2abd00001932df3",
                            "networks.#": "1",
                            "networks.798281000": "0",
                            "nx_ttl": "3600",
                            "refresh": "43200",
                            "retry": "7200",
                            "ttl": "600",
                            "zone": "brief.pw"
                        },
                        "meta": {},
                        "tainted": false
                    },
                    "deposed": [],
                    "provider": "provider.ns1"
                },
                "ns1_zone.shortcurl": {
                    "type": "ns1_zone",
                    "depends_on": [],
                    "primary": {
                        "id": "5d12deafc94a9000019f3b47",
                        "attributes": {
                            "dns_servers": "dns1.p04.nsone.net,dns2.p04.nsone.net,dns3.p04.nsone.net,dns4.p04.nsone.net",
                            "expiry": "1209600",
                            "hostmaster": "hostmaster@nsone.net",
                            "id": "5d12deafc94a9000019f3b47",
                            "networks.#": "1",
                            "networks.798281000": "0",
                            "nx_ttl": "3600",
                            "refresh": "43200",
                            "retry": "7200",
                            "ttl": "600",
                            "zone": "shortcurl.com"
                        },
                        "meta": {},
                        "tainted": false
                    },
                    "deposed": [],
                    "provider": "provider.ns1"
                }
            },
            "depends_on": []
        }
    ]
}
